<?xml version="1.0" encoding="utf-8"?>
<Project ToolsVersion="4.0" xmlns="http://schemas.microsoft.com/developer/msbuild/2003">
  <ItemGroup>
    <ClInclude Include="apply.h">
      <Filter>Header Files</Filter>
    </ClInclude>
    <ClInclude Include="choose.h">
      <Filter>Header Files</Filter>
    </ClInclude>
    <ClInclude Include="concatenate.h">
      <Filter>Header Files</Filter>
    </ClInclude>
    <ClInclude Include="constant.h">
      <Filter>Header Files</Filter>
    </ClInclude>
    <ClInclude Include="enumerator.h">
      <Filter>Header Files</Filter>
    </ClInclude>
    <ClInclude Include="expr.h">
      <Filter>Header Files</Filter>
    </ClInclude>
    <ClInclude Include="factorial.h">
      <Filter>Header Files</Filter>
    </ClInclude>
    <ClInclude Include="iota.h">
      <Filter>Header Files</Filter>
    </ClInclude>
    <ClInclude Include="iter.h">
      <Filter>Header Files</Filter>
    </ClInclude>
    <ClInclude Include="pair.h">
      <Filter>Header Files</Filter>
    </ClInclude>
    <ClInclude Include="pow.h">
      <Filter>Header Files</Filter>
    </ClInclude>
    <ClInclude Include="where.h">
      <Filter>Header Files</Filter>
    </ClInclude>
    <ClInclude Include="adjacent.h">
      <Filter>Header Files</Filter>
    </ClInclude>
    <ClInclude Include="util.h">
      <Filter>Header Files</Filter>
    </ClInclude>
    <ClInclude Include="fmap.h">
      <Filter>Header Files</Filter>
    </ClInclude>
    <ClInclude Include="enumerator\null.h">
      <Filter>Header Files\enumerator</Filter>
    </ClInclude>
    <ClInclude Include="enumerator\counted.h">
      <Filter>Header Files\enumerator</Filter>
    </ClInclude>
    <ClInclude Include="enumerator\reverse.h">
      <Filter>Header Files\enumerator</Filter>
    </ClInclude>
    <ClInclude Include="enumerator\end.h">
      <Filter>Header Files\enumerator</Filter>
    </ClInclude>
    <ClInclude Include="level.h">
      <Filter>Header Files</Filter>
    </ClInclude>
    <ClInclude Include="last.h">
      <Filter>Header Files\algorithm</Filter>
    </ClInclude>
    <ClInclude Include="pick.h">
      <Filter>Header Files\algorithm</Filter>
    </ClInclude>
    <ClInclude Include="take.h">
      <Filter>Header Files\algorithm</Filter>
    </ClInclude>
    <ClInclude Include="until.h">
      <Filter>Header Files\algorithm</Filter>
    </ClInclude>
    <ClInclude Include="zigg.h">
      <Filter>Header Files</Filter>
    </ClInclude>
    <ClInclude Include="elide.h">
      <Filter>Header Files</Filter>
    </ClInclude>
    <ClInclude Include="join.h">
      <Filter>Header Files</Filter>
    </ClInclude>
    <ClInclude Include="unit.h">
      <Filter>Header Files</Filter>
    </ClInclude>
    <ClInclude Include="bind.h">
      <Filter>Header Files</Filter>
    </ClInclude>
    <ClInclude Include="buffer.h">
      <Filter>Header Files</Filter>
    </ClInclude>
    <ClInclude Include="cycle.h">
      <Filter>Header Files</Filter>
    </ClInclude>
    <ClInclude Include="past.h">
      <Filter>Header Files\algorithm</Filter>
    </ClInclude>
    <ClInclude Include="upto.h">
      <Filter>Header Files\algorithm</Filter>
    </ClInclude>
    <ClInclude Include="skip.h">
      <Filter>Header Files</Filter>
    </ClInclude>
    <ClInclude Include="pwflat.h">
      <Filter>Header Files</Filter>
    </ClInclude>
    <ClInclude Include="scan.h">
      <Filter>Header Files</Filter>
    </ClInclude>
    <ClInclude Include="union.h">
      <Filter>Header Files</Filter>
    </ClInclude>
    <ClInclude Include="coil.h">
      <Filter>Header Files</Filter>
    </ClInclude>
  </ItemGroup>
  <ItemGroup>
    <None Include="README.md" />
  </ItemGroup>
  <ItemGroup>
    <Filter Include="Source Files">
      <UniqueIdentifier>{fa15e006-14a3-4baf-918f-f0c662f0a406}</UniqueIdentifier>
    </Filter>
    <Filter Include="Header Files">
      <UniqueIdentifier>{2fd215ca-c1a7-41e0-af9b-781bc7f19425}</UniqueIdentifier>
    </Filter>
    <Filter Include="Header Files\enumerator">
      <UniqueIdentifier>{075084ea-f906-4c10-b753-6780ed4aca62}</UniqueIdentifier>
    </Filter>
    <Filter Include="Header Files\algorithm">
      <UniqueIdentifier>{3e42f424-5787-4512-9025-a309eb013225}</UniqueIdentifier>
    </Filter>
  </ItemGroup>
  <ItemGroup>
    <ClCompile Include="iter.cpp">
      <Filter>Source Files</Filter>
    </ClCompile>
  </ItemGroup>
</Project>